
Microsoft Visual Studio Solution File, Format Version 12.00
# Visual Studio Version 16
VisualStudioVersion = 16.0.29001.49
MinimumVisualStudioVersion = 10.0.40219.1
Project("{FAE04EC0-301F-11D3-BF4B-00C04F79EFBC}") = "Nulos", "Nulos\Nulos.csproj", "{8F5B4A42-C4B0-439A-B2CD-DA19339E272E}"
EndProject
Global
	GlobalSection(SolutionConfigurationPlatforms) = preSolution
		Debug|Any CPU = Debug|Any CPU
		Release|Any CPU = Release|Any CPU
	EndGlobalSection
	GlobalSection(ProjectConfigurationPlatforms) = postSolution
		{8F5B4A42-C4B0-439A-B2CD-DA19339E272E}.Debug|Any CPU.ActiveCfg = Debug|Any CPU
		{8F5B4A42-C4B0-439A-B2CD-DA19339E272E}.Debug|Any CPU.Build.0 = Debug|Any CPU
		{8F5B4A42-C4B0-439A-B2CD-DA19339E272E}.Release|Any CPU.ActiveCfg = Release|Any CPU
		{8F5B4A42-C4B0-439A-B2CD-DA19339E272E}.Release|Any CPU.Build.0 = Release|Any CPU
	EndGlobalSection
	GlobalSection(SolutionProperties) = preSolution
		HideSolutionNode = FALSE
	EndGlobalSection
	GlobalSection(ExtensibilityGlobals) = postSolution
		SolutionGuid = {76C6F42A-A1B1-403B-9CBC-40E7AB65BAD6}
	EndGlobalSection
EndGlobal
